
Microsoft Visual Studio Solution File, Format Version 12.00
# Visual Studio Version 16
VisualStudioVersion = 16.0.30804.86
MinimumVisualStudioVersion = 10.0.40219.1
Project("{FAE04EC0-301F-11D3-BF4B-00C04F79EFBC}") = "Linq", "Linq.csproj", "{B6831D79-BCB2-4AB4-979B-20F8937AFF31}"
EndProject
Global
	GlobalSection(SolutionConfigurationPlatforms) = preSolution
		Debug|Any CPU = Debug|Any CPU
		Release|Any CPU = Release|Any CPU
	EndGlobalSection
	GlobalSection(ProjectConfigurationPlatforms) = postSolution
		{B6831D79-BCB2-4AB4-979B-20F8937AFF31}.Debug|Any CPU.ActiveCfg = Debug|Any CPU
		{B6831D79-BCB2-4AB4-979B-20F8937AFF31}.Debug|Any CPU.Build.0 = Debug|Any CPU
		{B6831D79-BCB2-4AB4-979B-20F8937AFF31}.Release|Any CPU.ActiveCfg = Release|Any CPU
		{B6831D79-BCB2-4AB4-979B-20F8937AFF31}.Release|Any CPU.Build.0 = Release|Any CPU
	EndGlobalSection
	GlobalSection(SolutionProperties) = preSolution
		HideSolutionNode = FALSE
	EndGlobalSection
	GlobalSection(ExtensibilityGlobals) = postSolution
		SolutionGuid = {33696742-14FC-4F20-AC5D-80B5F5D4BADB}
	EndGlobalSection
EndGlobal
